
Microsoft Visual Studio Solution File, Format Version 12.00
# Visual Studio 15
VisualStudioVersion = 15.0.28307.1145
MinimumVisualStudioVersion = 10.0.40219.1
Project("{FAE04EC0-301F-11D3-BF4B-00C04F79EFBC}") = "HomeWork9", "HomeWork9\HomeWork9.csproj", "{BDB05DB1-8F28-4043-9132-E2A470F5C87E}"
EndProject
Global
	GlobalSection(SolutionConfigurationPlatforms) = preSolution
		Debug|Any CPU = Debug|Any CPU
		Release|Any CPU = Release|Any CPU
	EndGlobalSection
	GlobalSection(ProjectConfigurationPlatforms) = postSolution
		{BDB05DB1-8F28-4043-9132-E2A470F5C87E}.Debug|Any CPU.ActiveCfg = Debug|Any CPU
		{BDB05DB1-8F28-4043-9132-E2A470F5C87E}.Debug|Any CPU.Build.0 = Debug|Any CPU
		{BDB05DB1-8F28-4043-9132-E2A470F5C87E}.Release|Any CPU.ActiveCfg = Release|Any CPU
		{BDB05DB1-8F28-4043-9132-E2A470F5C87E}.Release|Any CPU.Build.0 = Release|Any CPU
	EndGlobalSection
	GlobalSection(SolutionProperties) = preSolution
		HideSolutionNode = FALSE
	EndGlobalSection
	GlobalSection(ExtensibilityGlobals) = postSolution
		SolutionGuid = {3092ACDA-E071-4B84-8B67-8A1FE396D0D0}
	EndGlobalSection
EndGlobal
