
Microsoft Visual Studio Solution File, Format Version 12.00
# Visual Studio 15
VisualStudioVersion = 15.0.28307.1145
MinimumVisualStudioVersion = 10.0.40219.1
Project("{FAE04EC0-301F-11D3-BF4B-00C04F79EFBC}") = "HomeWork10", "HomeWork10\HomeWork10.csproj", "{1853195B-8A47-4BC6-B7F4-97CF44F76884}"
EndProject
Global
	GlobalSection(SolutionConfigurationPlatforms) = preSolution
		Debug|Any CPU = Debug|Any CPU
		Release|Any CPU = Release|Any CPU
	EndGlobalSection
	GlobalSection(ProjectConfigurationPlatforms) = postSolution
		{1853195B-8A47-4BC6-B7F4-97CF44F76884}.Debug|Any CPU.ActiveCfg = Debug|Any CPU
		{1853195B-8A47-4BC6-B7F4-97CF44F76884}.Debug|Any CPU.Build.0 = Debug|Any CPU
		{1853195B-8A47-4BC6-B7F4-97CF44F76884}.Release|Any CPU.ActiveCfg = Release|Any CPU
		{1853195B-8A47-4BC6-B7F4-97CF44F76884}.Release|Any CPU.Build.0 = Release|Any CPU
	EndGlobalSection
	GlobalSection(SolutionProperties) = preSolution
		HideSolutionNode = FALSE
	EndGlobalSection
	GlobalSection(ExtensibilityGlobals) = postSolution
		SolutionGuid = {0A5165C6-0184-4008-AADF-2A749555AB43}
	EndGlobalSection
EndGlobal
