
Microsoft Visual Studio Solution File, Format Version 12.00
# Visual Studio Version 16
VisualStudioVersion = 16.0.31025.194
MinimumVisualStudioVersion = 10.0.40219.1
Project("{FAE04EC0-301F-11D3-BF4B-00C04F79EFBC}") = "Form1", "WindowsFormsApplication1\Form1.csproj", "{BBEBFC69-612A-4B46-A880-2461AE11C148}"
EndProject
Project("{FAE04EC0-301F-11D3-BF4B-00C04F79EFBC}") = "ConsoleApp1", "ConsoleApp1\ConsoleApp1.csproj", "{BD43E2FC-75E9-4CD4-9719-82CE9CDB32F8}"
EndProject
Global
	GlobalSection(SolutionConfigurationPlatforms) = preSolution
		Debug|Any CPU = Debug|Any CPU
		Release|Any CPU = Release|Any CPU
	EndGlobalSection
	GlobalSection(ProjectConfigurationPlatforms) = postSolution
		{BBEBFC69-612A-4B46-A880-2461AE11C148}.Debug|Any CPU.ActiveCfg = Debug|Any CPU
		{BBEBFC69-612A-4B46-A880-2461AE11C148}.Debug|Any CPU.Build.0 = Debug|Any CPU
		{BBEBFC69-612A-4B46-A880-2461AE11C148}.Release|Any CPU.ActiveCfg = Release|Any CPU
		{BBEBFC69-612A-4B46-A880-2461AE11C148}.Release|Any CPU.Build.0 = Release|Any CPU
		{BD43E2FC-75E9-4CD4-9719-82CE9CDB32F8}.Debug|Any CPU.ActiveCfg = Debug|Any CPU
		{BD43E2FC-75E9-4CD4-9719-82CE9CDB32F8}.Debug|Any CPU.Build.0 = Debug|Any CPU
		{BD43E2FC-75E9-4CD4-9719-82CE9CDB32F8}.Release|Any CPU.ActiveCfg = Release|Any CPU
		{BD43E2FC-75E9-4CD4-9719-82CE9CDB32F8}.Release|Any CPU.Build.0 = Release|Any CPU
	EndGlobalSection
	GlobalSection(SolutionProperties) = preSolution
		HideSolutionNode = FALSE
	EndGlobalSection
	GlobalSection(ExtensibilityGlobals) = postSolution
		SolutionGuid = {A1788DCE-7389-4609-88E5-75BB08A65B33}
	EndGlobalSection
EndGlobal
