
Microsoft Visual Studio Solution File, Format Version 12.00
# Visual Studio 15
VisualStudioVersion = 15.0.28307.1022
MinimumVisualStudioVersion = 10.0.40219.1
Project("{FAE04EC0-301F-11D3-BF4B-00C04F79EFBC}") = "Homework-8", "Homework-8\Homework-8.csproj", "{50829393-6E04-4078-83F9-F36A97F81D27}"
EndProject
Global
	GlobalSection(SolutionConfigurationPlatforms) = preSolution
		Debug|Any CPU = Debug|Any CPU
		Release|Any CPU = Release|Any CPU
	EndGlobalSection
	GlobalSection(ProjectConfigurationPlatforms) = postSolution
		{50829393-6E04-4078-83F9-F36A97F81D27}.Debug|Any CPU.ActiveCfg = Debug|Any CPU
		{50829393-6E04-4078-83F9-F36A97F81D27}.Debug|Any CPU.Build.0 = Debug|Any CPU
		{50829393-6E04-4078-83F9-F36A97F81D27}.Release|Any CPU.ActiveCfg = Release|Any CPU
		{50829393-6E04-4078-83F9-F36A97F81D27}.Release|Any CPU.Build.0 = Release|Any CPU
	EndGlobalSection
	GlobalSection(SolutionProperties) = preSolution
		HideSolutionNode = FALSE
	EndGlobalSection
	GlobalSection(ExtensibilityGlobals) = postSolution
		SolutionGuid = {88F98815-0DA2-4D65-91C7-A7DE1B2852BF}
	EndGlobalSection
EndGlobal
